
Microsoft Visual Studio Solution File, Format Version 12.00
# Visual Studio 2012
Project("{FAE04EC0-301F-11D3-BF4B-00C04F79EFBC}") = "mic8s_asm", "mic8s_asm\mic8s_asm.csproj", "{44328917-A1D4-471B-9B73-2D4E4D9B8B58}"
EndProject
Global
	GlobalSection(SolutionConfigurationPlatforms) = preSolution
		Debug|Any CPU = Debug|Any CPU
		Release|Any CPU = Release|Any CPU
	EndGlobalSection
	GlobalSection(ProjectConfigurationPlatforms) = postSolution
		{44328917-A1D4-471B-9B73-2D4E4D9B8B58}.Debug|Any CPU.ActiveCfg = Debug|Any CPU
		{44328917-A1D4-471B-9B73-2D4E4D9B8B58}.Debug|Any CPU.Build.0 = Debug|Any CPU
		{44328917-A1D4-471B-9B73-2D4E4D9B8B58}.Release|Any CPU.ActiveCfg = Release|Any CPU
		{44328917-A1D4-471B-9B73-2D4E4D9B8B58}.Release|Any CPU.Build.0 = Release|Any CPU
	EndGlobalSection
	GlobalSection(SolutionProperties) = preSolution
		HideSolutionNode = FALSE
	EndGlobalSection
EndGlobal
